
Microsoft Visual Studio Solution File, Format Version 12.00
# Visual Studio Version 17
VisualStudioVersion = 17.8.34330.188
MinimumVisualStudioVersion = 10.0.40219.1
Project("{FAE04EC0-301F-11D3-BF4B-00C04F79EFBC}") = "test", "test.csproj", "{07C33EB8-0486-4AD0-A58E-2C5F31B25546}"
EndProject
Project("{FAE04EC0-301F-11D3-BF4B-00C04F79EFBC}") = "TDDtest", "..\TDDtest\TDDtest.csproj", "{877D7F75-1694-4E79-B6C3-01D554CE69BC}"
EndProject
Global
	GlobalSection(SolutionConfigurationPlatforms) = preSolution
		Debug|Any CPU = Debug|Any CPU
		Release|Any CPU = Release|Any CPU
	EndGlobalSection
	GlobalSection(ProjectConfigurationPlatforms) = postSolution
		{07C33EB8-0486-4AD0-A58E-2C5F31B25546}.Debug|Any CPU.ActiveCfg = Debug|Any CPU
		{07C33EB8-0486-4AD0-A58E-2C5F31B25546}.Debug|Any CPU.Build.0 = Debug|Any CPU
		{07C33EB8-0486-4AD0-A58E-2C5F31B25546}.Release|Any CPU.ActiveCfg = Release|Any CPU
		{07C33EB8-0486-4AD0-A58E-2C5F31B25546}.Release|Any CPU.Build.0 = Release|Any CPU
		{877D7F75-1694-4E79-B6C3-01D554CE69BC}.Debug|Any CPU.ActiveCfg = Debug|Any CPU
		{877D7F75-1694-4E79-B6C3-01D554CE69BC}.Debug|Any CPU.Build.0 = Debug|Any CPU
		{877D7F75-1694-4E79-B6C3-01D554CE69BC}.Release|Any CPU.ActiveCfg = Release|Any CPU
		{877D7F75-1694-4E79-B6C3-01D554CE69BC}.Release|Any CPU.Build.0 = Release|Any CPU
	EndGlobalSection
	GlobalSection(SolutionProperties) = preSolution
		HideSolutionNode = FALSE
	EndGlobalSection
	GlobalSection(ExtensibilityGlobals) = postSolution
		SolutionGuid = {6CB49073-41B4-4D4F-84F2-A666D390BC81}
	EndGlobalSection
EndGlobal
